
Microsoft Visual Studio Solution File, Format Version 12.00
# Visual Studio Version 17
VisualStudioVersion = 17.1.32421.90
MinimumVisualStudioVersion = 10.0.40219.1
Project("{2150E333-8FDC-42A3-9474-1A3956D46DE8}") = "src", "src", "{F6887D51-9652-42F0-9FB3-9DD7B8AEB26E}"
EndProject
Project("{2150E333-8FDC-42A3-9474-1A3956D46DE8}") = "Building Blocks", "Building Blocks", "{ED9A91E4-046D-449D-A448-65107E055423}"
EndProject
Project("{2150E333-8FDC-42A3-9474-1A3956D46DE8}") = "Core", "Core", "{0064D430-BF57-4B2B-80CA-A51E764DD69D}"
EndProject
Project("{2150E333-8FDC-42A3-9474-1A3956D46DE8}") = "Services", "Services", "{03172033-5684-45F1-8D86-15B2E2E8E6F5}"
EndProject
Project("{2150E333-8FDC-42A3-9474-1A3956D46DE8}") = "Services", "Services", "{628C0057-A9B8-4B92-BA71-9B0E036CDEA6}"
EndProject
Project("{9A19103F-16F7-4668-BE54-9A1E7A4F7556}") = "UCondo.Core", "src\UCondo.Core\UCondo.Core.csproj", "{61BF45E9-1D36-4C94-BE12-D061BA4153BB}"
EndProject
Project("{9A19103F-16F7-4668-BE54-9A1E7A4F7556}") = "UCondo.WebAPI.Core", "src\UCondo.WebAPI.Core\UCondo.WebAPI.Core.csproj", "{16142106-EF49-4910-BA83-72E92783B967}"
EndProject
Project("{2150E333-8FDC-42A3-9474-1A3956D46DE8}") = "Domain", "Domain", "{8C3F1EC7-E1C6-4E35-BA04-096F279212F1}"
EndProject
Project("{9A19103F-16F7-4668-BE54-9A1E7A4F7556}") = "UCondo.Domain", "src\UCondo.Domain\UCondo.Domain.csproj", "{080A3052-A384-494F-BFDA-3669CDB600FD}"
EndProject
Project("{2150E333-8FDC-42A3-9474-1A3956D46DE8}") = "MessageBus", "MessageBus", "{0086D41D-2386-42AF-8E6D-A8CC65A1A64E}"
EndProject
Project("{9A19103F-16F7-4668-BE54-9A1E7A4F7556}") = "UCondo.MessageBus", "src\UCondo.MessageBus\UCondo.MessageBus.csproj", "{1E152EB7-FB40-4DF5-AB8A-F271B19EED44}"
EndProject
Project("{2150E333-8FDC-42A3-9474-1A3956D46DE8}") = "Entry", "Entry", "{A77D4D86-78B1-46CB-984A-73ABFD808289}"
EndProject
Project("{9A19103F-16F7-4668-BE54-9A1E7A4F7556}") = "UCondo.Entries.API", "src\UCondo.Entries.API\UCondo.Entries.API.csproj", "{18C20EBB-F8A1-4A0D-801E-DC09B5ABEC1B}"
EndProject
Project("{9A19103F-16F7-4668-BE54-9A1E7A4F7556}") = "UCondo.Entries.Domain", "src\UCondo.Entries.Domain\UCondo.Entries.Domain.csproj", "{1F0322FC-46E3-4DBB-A950-6C0969112AF9}"
EndProject
Project("{9A19103F-16F7-4668-BE54-9A1E7A4F7556}") = "UCondo.Entries.Infra", "src\UCondo.Entries.Infra\UCondo.Entries.Infra.csproj", "{35644631-6FA4-4FDA-A336-5B24A0371B55}"
EndProject
Project("{2150E333-8FDC-42A3-9474-1A3956D46DE8}") = "ApiGateways", "ApiGateways", "{A948E8D3-E53D-43A9-8E0F-DD4C45AF5B24}"
EndProject
Project("{FAE04EC0-301F-11D3-BF4B-00C04F79EFBC}") = "UCondo.Bff.Gateway", "src\UCondo.Bff.Gateway\UCondo.Bff.Gateway.csproj", "{970D0F5C-9BC6-416C-B1EE-425371D03F90}"
EndProject
Global
	GlobalSection(SolutionConfigurationPlatforms) = preSolution
		Debug|Any CPU = Debug|Any CPU
		Release|Any CPU = Release|Any CPU
	EndGlobalSection
	GlobalSection(ProjectConfigurationPlatforms) = postSolution
		{61BF45E9-1D36-4C94-BE12-D061BA4153BB}.Debug|Any CPU.ActiveCfg = Debug|Any CPU
		{61BF45E9-1D36-4C94-BE12-D061BA4153BB}.Debug|Any CPU.Build.0 = Debug|Any CPU
		{61BF45E9-1D36-4C94-BE12-D061BA4153BB}.Release|Any CPU.ActiveCfg = Release|Any CPU
		{61BF45E9-1D36-4C94-BE12-D061BA4153BB}.Release|Any CPU.Build.0 = Release|Any CPU
		{16142106-EF49-4910-BA83-72E92783B967}.Debug|Any CPU.ActiveCfg = Debug|Any CPU
		{16142106-EF49-4910-BA83-72E92783B967}.Debug|Any CPU.Build.0 = Debug|Any CPU
		{16142106-EF49-4910-BA83-72E92783B967}.Release|Any CPU.ActiveCfg = Release|Any CPU
		{16142106-EF49-4910-BA83-72E92783B967}.Release|Any CPU.Build.0 = Release|Any CPU
		{080A3052-A384-494F-BFDA-3669CDB600FD}.Debug|Any CPU.ActiveCfg = Debug|Any CPU
		{080A3052-A384-494F-BFDA-3669CDB600FD}.Debug|Any CPU.Build.0 = Debug|Any CPU
		{080A3052-A384-494F-BFDA-3669CDB600FD}.Release|Any CPU.ActiveCfg = Release|Any CPU
		{080A3052-A384-494F-BFDA-3669CDB600FD}.Release|Any CPU.Build.0 = Release|Any CPU
		{1E152EB7-FB40-4DF5-AB8A-F271B19EED44}.Debug|Any CPU.ActiveCfg = Debug|Any CPU
		{1E152EB7-FB40-4DF5-AB8A-F271B19EED44}.Debug|Any CPU.Build.0 = Debug|Any CPU
		{1E152EB7-FB40-4DF5-AB8A-F271B19EED44}.Release|Any CPU.ActiveCfg = Release|Any CPU
		{1E152EB7-FB40-4DF5-AB8A-F271B19EED44}.Release|Any CPU.Build.0 = Release|Any CPU
		{18C20EBB-F8A1-4A0D-801E-DC09B5ABEC1B}.Debug|Any CPU.ActiveCfg = Debug|Any CPU
		{18C20EBB-F8A1-4A0D-801E-DC09B5ABEC1B}.Debug|Any CPU.Build.0 = Debug|Any CPU
		{18C20EBB-F8A1-4A0D-801E-DC09B5ABEC1B}.Release|Any CPU.ActiveCfg = Release|Any CPU
		{18C20EBB-F8A1-4A0D-801E-DC09B5ABEC1B}.Release|Any CPU.Build.0 = Release|Any CPU
		{1F0322FC-46E3-4DBB-A950-6C0969112AF9}.Debug|Any CPU.ActiveCfg = Debug|Any CPU
		{1F0322FC-46E3-4DBB-A950-6C0969112AF9}.Debug|Any CPU.Build.0 = Debug|Any CPU
		{1F0322FC-46E3-4DBB-A950-6C0969112AF9}.Release|Any CPU.ActiveCfg = Release|Any CPU
		{1F0322FC-46E3-4DBB-A950-6C0969112AF9}.Release|Any CPU.Build.0 = Release|Any CPU
		{35644631-6FA4-4FDA-A336-5B24A0371B55}.Debug|Any CPU.ActiveCfg = Debug|Any CPU
		{35644631-6FA4-4FDA-A336-5B24A0371B55}.Debug|Any CPU.Build.0 = Debug|Any CPU
		{35644631-6FA4-4FDA-A336-5B24A0371B55}.Release|Any CPU.ActiveCfg = Release|Any CPU
		{35644631-6FA4-4FDA-A336-5B24A0371B55}.Release|Any CPU.Build.0 = Release|Any CPU
		{970D0F5C-9BC6-416C-B1EE-425371D03F90}.Debug|Any CPU.ActiveCfg = Debug|Any CPU
		{970D0F5C-9BC6-416C-B1EE-425371D03F90}.Debug|Any CPU.Build.0 = Debug|Any CPU
		{970D0F5C-9BC6-416C-B1EE-425371D03F90}.Release|Any CPU.ActiveCfg = Release|Any CPU
		{970D0F5C-9BC6-416C-B1EE-425371D03F90}.Release|Any CPU.Build.0 = Release|Any CPU
	EndGlobalSection
	GlobalSection(SolutionProperties) = preSolution
		HideSolutionNode = FALSE
	EndGlobalSection
	GlobalSection(NestedProjects) = preSolution
		{ED9A91E4-046D-449D-A448-65107E055423} = {F6887D51-9652-42F0-9FB3-9DD7B8AEB26E}
		{0064D430-BF57-4B2B-80CA-A51E764DD69D} = {ED9A91E4-046D-449D-A448-65107E055423}
		{03172033-5684-45F1-8D86-15B2E2E8E6F5} = {ED9A91E4-046D-449D-A448-65107E055423}
		{628C0057-A9B8-4B92-BA71-9B0E036CDEA6} = {F6887D51-9652-42F0-9FB3-9DD7B8AEB26E}
		{61BF45E9-1D36-4C94-BE12-D061BA4153BB} = {0064D430-BF57-4B2B-80CA-A51E764DD69D}
		{16142106-EF49-4910-BA83-72E92783B967} = {03172033-5684-45F1-8D86-15B2E2E8E6F5}
		{8C3F1EC7-E1C6-4E35-BA04-096F279212F1} = {F6887D51-9652-42F0-9FB3-9DD7B8AEB26E}
		{080A3052-A384-494F-BFDA-3669CDB600FD} = {8C3F1EC7-E1C6-4E35-BA04-096F279212F1}
		{0086D41D-2386-42AF-8E6D-A8CC65A1A64E} = {ED9A91E4-046D-449D-A448-65107E055423}
		{1E152EB7-FB40-4DF5-AB8A-F271B19EED44} = {0086D41D-2386-42AF-8E6D-A8CC65A1A64E}
		{A77D4D86-78B1-46CB-984A-73ABFD808289} = {628C0057-A9B8-4B92-BA71-9B0E036CDEA6}
		{18C20EBB-F8A1-4A0D-801E-DC09B5ABEC1B} = {A77D4D86-78B1-46CB-984A-73ABFD808289}
		{1F0322FC-46E3-4DBB-A950-6C0969112AF9} = {A77D4D86-78B1-46CB-984A-73ABFD808289}
		{35644631-6FA4-4FDA-A336-5B24A0371B55} = {A77D4D86-78B1-46CB-984A-73ABFD808289}
		{A948E8D3-E53D-43A9-8E0F-DD4C45AF5B24} = {F6887D51-9652-42F0-9FB3-9DD7B8AEB26E}
		{970D0F5C-9BC6-416C-B1EE-425371D03F90} = {A948E8D3-E53D-43A9-8E0F-DD4C45AF5B24}
	EndGlobalSection
	GlobalSection(ExtensibilityGlobals) = postSolution
		SolutionGuid = {833F9B4B-766E-47A0-BE2D-CFC91D90F57F}
	EndGlobalSection
EndGlobal
